
Microsoft Visual Studio Solution File, Format Version 12.00
# Visual Studio Version 17
VisualStudioVersion = 17.0.31903.59
MinimumVisualStudioVersion = 10.0.40219.1
Project("{FAE04EC0-301F-11D3-BF4B-00C04F79EFBC}") = "Task1", "Task1\Task1.csproj", "{34263E59-DAD3-4B2E-9D50-62D23E1EC1D1}"
EndProject
Project("{FAE04EC0-301F-11D3-BF4B-00C04F79EFBC}") = "Task2", "Task2\Task2.csproj", "{8946CDAF-6842-4C8C-8E22-8062A460C8DB}"
EndProject
Project("{FAE04EC0-301F-11D3-BF4B-00C04F79EFBC}") = "VkLibrary", "VkLibrary\VkLibrary.csproj", "{7985A942-409C-4513-BB51-ED921013D1D3}"
EndProject
Project("{FAE04EC0-301F-11D3-BF4B-00C04F79EFBC}") = "Task3", "Task3\Task3.csproj", "{CC45890C-371F-48D1-A32C-C8759D1BF75A}"
EndProject
Global
	GlobalSection(SolutionConfigurationPlatforms) = preSolution
		Debug|Any CPU = Debug|Any CPU
		Release|Any CPU = Release|Any CPU
	EndGlobalSection
	GlobalSection(SolutionProperties) = preSolution
		HideSolutionNode = FALSE
	EndGlobalSection
	GlobalSection(ProjectConfigurationPlatforms) = postSolution
		{34263E59-DAD3-4B2E-9D50-62D23E1EC1D1}.Debug|Any CPU.ActiveCfg = Debug|Any CPU
		{34263E59-DAD3-4B2E-9D50-62D23E1EC1D1}.Debug|Any CPU.Build.0 = Debug|Any CPU
		{34263E59-DAD3-4B2E-9D50-62D23E1EC1D1}.Release|Any CPU.ActiveCfg = Release|Any CPU
		{34263E59-DAD3-4B2E-9D50-62D23E1EC1D1}.Release|Any CPU.Build.0 = Release|Any CPU
		{8946CDAF-6842-4C8C-8E22-8062A460C8DB}.Debug|Any CPU.ActiveCfg = Debug|Any CPU
		{8946CDAF-6842-4C8C-8E22-8062A460C8DB}.Debug|Any CPU.Build.0 = Debug|Any CPU
		{8946CDAF-6842-4C8C-8E22-8062A460C8DB}.Release|Any CPU.ActiveCfg = Release|Any CPU
		{8946CDAF-6842-4C8C-8E22-8062A460C8DB}.Release|Any CPU.Build.0 = Release|Any CPU
		{7985A942-409C-4513-BB51-ED921013D1D3}.Debug|Any CPU.ActiveCfg = Debug|Any CPU
		{7985A942-409C-4513-BB51-ED921013D1D3}.Debug|Any CPU.Build.0 = Debug|Any CPU
		{7985A942-409C-4513-BB51-ED921013D1D3}.Release|Any CPU.ActiveCfg = Release|Any CPU
		{7985A942-409C-4513-BB51-ED921013D1D3}.Release|Any CPU.Build.0 = Release|Any CPU
		{CC45890C-371F-48D1-A32C-C8759D1BF75A}.Debug|Any CPU.ActiveCfg = Debug|Any CPU
		{CC45890C-371F-48D1-A32C-C8759D1BF75A}.Debug|Any CPU.Build.0 = Debug|Any CPU
		{CC45890C-371F-48D1-A32C-C8759D1BF75A}.Release|Any CPU.ActiveCfg = Release|Any CPU
		{CC45890C-371F-48D1-A32C-C8759D1BF75A}.Release|Any CPU.Build.0 = Release|Any CPU
	EndGlobalSection
EndGlobal
